PODS:
  - Alamofire (4.5.0)
  - IQKeyboardManagerSwift (4.0.10)
  - QRCodeReader.swift (7.4.3)
  - Realm (2.8.3):
    - Realm/Headers (= 2.8.3)
  - Realm/Headers (2.8.3)
  - RealmSwift (2.8.3):
    - Realm (= 2.8.3)
  - Reusable (3.0.1):
    - Reusable/Storyboard (= 3.0.1)
    - Reusable/View (= 3.0.1)
  - Reusable/Storyboard (3.0.1)
  - Reusable/View (3.0.1)

DEPENDENCIES:
  - Alamofire (~> 4.4)
  - IQKeyboardManagerSwift (~> 4.0)
  - QRCodeReader.swift (~> 7.4)
  - RealmSwift (~> 2.8)
  - Reusable (~> 3.0)

SPEC CHECKSUMS:
  Alamofire: f28cdffd29de33a7bfa022cbd63ae95a27fae140
  IQKeyboardManagerSwift: 75ba21a23794a1e6b6fe6d9a267ea17f80e06771
  QRCodeReader.swift: 4a1d46f3057b1b6fc555578b2dc9f2dc99c7ccda
  Realm: 3601ef091c8c499a31101d8563b991e75546cdce
  RealmSwift: 8183818515471b01a99abdd2970f8e4fd52b6f4a
  Reusable: 5362d10271ca8316b104698a21e90498f47e8339

PODFILE CHECKSUM: 0d78d0d7301c6cfb5b4ae4ccde1174b1bb723f1a

COCOAPODS: 1.2.1
